Microsoft Visual Studio Solution File, Format Version 12.00
# Visual Studio Version 17
VisualStudioVersion = 17.5.33516.290
MinimumVisualStudioVersion = 16.0.0.0
Project("{9A19103F-16F7-4668-BE54-9A1E7A4F7556}") = "SpotLights.Portal.Application", "src\Microservices\Portal\SpotLights.Portal.Application\SpotLights.Portal.Application.csproj", "{30113938-1040-459A-A0B6-3663E9534C8B}"
EndProject
Project("{9A19103F-16F7-4668-BE54-9A1E7A4F7556}") = "SpotLights.Admin", "src\Microservices\Portal\SpotLights.Portal.Admin\SpotLights.Admin.csproj", "{ABD5820B-6A81-42C3-89C7-B324329345C8}"
EndProject
Project("{9A19103F-16F7-4668-BE54-9A1E7A4F7556}") = "SpotLights.Portal.Shared", "src\Microservices\Portal\SpotLights.Portal.Shared\SpotLights.Portal.Shared.csproj", "{A0173B1A-FDC9-4E48-94E1-21D6C0B19257}"
EndProject
Project("{2150E333-8FDC-42A3-9474-1A3956D46DE8}") = "docs", "docs", "{512E41FF-25A7-49D6-B126-EC1450E17B72}"
	ProjectSection(SolutionItems) = preProject
		docs\01-Authentication.md = docs\01-Authentication.md
		docs\03-Logging.md = docs\03-Logging.md
		docs\04-Localization.md = docs\04-Localization.md
		C:\Users\Anup\OneDrive\Desktop\Spotlights\flow.png = C:\Users\Anup\OneDrive\Desktop\Spotlights\flow.png
		README.md = README.md
	EndProjectSection
EndProject
Project("{2150E333-8FDC-42A3-9474-1A3956D46DE8}") = "tests", "tests", "{8DDBCDEC-BFD8-4737-93BD-5259C3AE9CAE}"
EndProject
Project("{9A19103F-16F7-4668-BE54-9A1E7A4F7556}") = "SpotLights.Themes.Standard", "src\Microservices\Portal\SpotLights.Portal.Themes.Standard\SpotLights.Themes.Standard.csproj", "{7784DF02-6BCF-40A9-B327-C1F173975714}"
EndProject
Project("{9A19103F-16F7-4668-BE54-9A1E7A4F7556}") = "SpotLights.Portal.Infrastructure", "src\Microservices\Portal\SpotLights.Portal.Infrastructure\SpotLights.Portal.Infrastructure.csproj", "{22CDDE93-8C55-4229-A15E-426BEA28D8AC}"
EndProject
Project("{9A19103F-16F7-4668-BE54-9A1E7A4F7556}") = "SpotLights.Portal.Core", "src\Microservices\Portal\SpotLights.Portal.Core\SpotLights.Portal.Core.csproj", "{EA9B0B03-128B-4932-8903-633B236A6151}"
EndProject
Project("{9A19103F-16F7-4668-BE54-9A1E7A4F7556}") = "SpotLights.Portal.Data", "src\Microservices\Portal\SpotLights.Portal.Data\SpotLights.Portal.Data.csproj", "{F44E6542-4A15-4D30-A16A-D4717BB78990}"
EndProject
Project("{9A19103F-16F7-4668-BE54-9A1E7A4F7556}") = "SpotLights.Portal.Domain", "src\Microservices\Portal\SpotLights.Portal.Domain\SpotLights.Portal.Domain.csproj", "{B4240118-6722-4544-BBB5-8CEBB3D23959}"
EndProject
Project("{2150E333-8FDC-42A3-9474-1A3956D46DE8}") = "Microservices", "Microservices", "{3985B122-94A3-44F3-8E41-25BD7E9E2FAF}"
EndProject
Project("{2150E333-8FDC-42A3-9474-1A3956D46DE8}") = "Portal", "Portal", "{B0B38A23-4F05-4F2D-A121-0BBACBE590DE}"
EndProject
Project("{2150E333-8FDC-42A3-9474-1A3956D46DE8}") = "Course", "Course", "{30577662-08D5-4858-9BE1-67113A6009B4}"
EndProject
Project("{9A19103F-16F7-4668-BE54-9A1E7A4F7556}") = "SpotLights.Course.Api", "src\Microservices\Course\SpotLights.Course.Api\SpotLights.Course.Api.csproj", "{9E7B5E96-F3F1-497E-8829-538935DE9C5D}"
EndProject
Project("{9A19103F-16F7-4668-BE54-9A1E7A4F7556}") = "SpotLights.Course.Core", "src\Microservices\Course\SpotLights.Course.Core\SpotLights.Course.Core.csproj", "{F5431729-914B-4B5B-ACE6-AA9B14E98EA5}"
EndProject
Project("{9A19103F-16F7-4668-BE54-9A1E7A4F7556}") = "SpotLights.Course.Infrastructure", "src\Microservices\Course\SpotLights.Course.Infrastructure\SpotLights.Course.Infrastructure.csproj", "{0742E998-B6BB-4963-9CF9-47C4D16AFDD2}"
EndProject
Project("{9A19103F-16F7-4668-BE54-9A1E7A4F7556}") = "SpotLights.Course.Domain", "src\Microservices\Course\SpotLights.Course.Domain\SpotLights.Course.Domain.csproj", "{856BD955-5D13-47D3-AEB9-D4EB2CAA4E3D}"
EndProject
Project("{2150E333-8FDC-42A3-9474-1A3956D46DE8}") = "Common.Library", "Common.Library", "{D39F91F8-9219-4096-B8EC-4068385879BF}"
EndProject
Project("{9A19103F-16F7-4668-BE54-9A1E7A4F7556}") = "SpotLights.Common.Library", "src\Common.Library\Common.Library\SpotLights.Common.Library.csproj", "{7E5A870F-3D9C-4A41-8498-6212946C2AA3}"
EndProject
Project("{2150E333-8FDC-42A3-9474-1A3956D46DE8}") = "Quiz", "Quiz", "{29E5AD5F-5AB6-46CB-BA82-41975CD7C3A7}"
EndProject
Project("{9A19103F-16F7-4668-BE54-9A1E7A4F7556}") = "SpotLights.Quiz.Api", "src\Microservices\Quiz\SpotLights.Quiz.Api\SpotLights.Quiz.Api.csproj", "{914F1BC6-A89B-4D80-AEC0-DC852A830C92}"
EndProject
Project("{9A19103F-16F7-4668-BE54-9A1E7A4F7556}") = "SpotLights.Quiz.Core", "src\Microservices\Quiz\SpotLights.Quiz.Core\SpotLights.Quiz.Core.csproj", "{8A7F54B4-30E2-4DE6-BD4D-1F71CF5D71C4}"
EndProject
Project("{9A19103F-16F7-4668-BE54-9A1E7A4F7556}") = "SpotLights.Quiz.Domain", "src\Microservices\Quiz\SpotLights.Quiz.Domain\SpotLights.Quiz.Domain.csproj", "{34EDDE65-4C6B-438B-A329-74C577EBAB2B}"
EndProject
Project("{9A19103F-16F7-4668-BE54-9A1E7A4F7556}") = "SpotLights.Quiz.Infrastructure", "src\Microservices\Quiz\SpotLights.Quiz.Infrastructure\SpotLights.Quiz.Infrastructure.csproj", "{802EB188-1FE1-41FD-9B2D-BE91927AC242}"
EndProject
Project("{2150E333-8FDC-42A3-9474-1A3956D46DE8}") = "Certification", "Certification", "{65D5500C-593D-403F-9D73-E334BE0576FE}"
EndProject
Project("{9A19103F-16F7-4668-BE54-9A1E7A4F7556}") = "SpotLights.Certification.Api", "src\Microservices\Certification\SpotLights.Certification.Api\SpotLights.Certification.Api.csproj", "{5696C9D2-53B5-4048-A7B4-D4887C1D2EAE}"
EndProject
Project("{9A19103F-16F7-4668-BE54-9A1E7A4F7556}") = "SpotLights.Certification.Core", "src\Microservices\Certification\SpotLights.Certification.Core\SpotLights.Certification.Core.csproj", "{7A1576F8-221A-4735-8B87-B4F12C9F08ED}"
EndProject
Project("{9A19103F-16F7-4668-BE54-9A1E7A4F7556}") = "SpotLights.Certification.Domain", "src\Microservices\Certification\SpotLights.Certification.Domain\SpotLights.Certification.Domain.csproj", "{C140EA54-096D-470E-B29C-DA3B00C6E0EB}"
EndProject
Project("{9A19103F-16F7-4668-BE54-9A1E7A4F7556}") = "SpotLights.Certification.Infrastructure", "src\Microservices\Certification\SpotLights.Certification.Infrastructure\SpotLights.Certification.Infrastructure.csproj", "{4971D230-B2F3-4059-8909-0ABD5003BF47}"
EndProject
Project("{2150E333-8FDC-42A3-9474-1A3956D46DE8}") = "Gateway", "Gateway", "{FB503146-713C-4ED2-8A89-182A94A151C2}"
EndProject
Project("{9A19103F-16F7-4668-BE54-9A1E7A4F7556}") = "SpotLights.Routing.Gateway", "src\Gateway\SpotLights.Routing.Gateway\SpotLights.Routing.Gateway.csproj", "{6176D7A8-6968-4DF1-9956-0874C368DD70}"
EndProject
Project("{2150E333-8FDC-42A3-9474-1A3956D46DE8}") = "Solution Items", "Solution Items", "{5163F8F1-6F8A-4034-AB31-1E739D1744DC}"
	ProjectSection(SolutionItems) = preProject
		.env = .env
		docker-compose.dcproj = docker-compose.dcproj
		docker-compose.override.yml = docker-compose.override.yml
		docker-compose.yml = docker-compose.yml
	EndProjectSection
EndProject
Project("{2150E333-8FDC-42A3-9474-1A3956D46DE8}") = "Orchestration", "Orchestration", "{10F307F6-0A4D-497F-ADF3-BEF123B4ED95}"
	ProjectSection(SolutionItems) = preProject
		orchestration\ms-certification-api-deployment.yaml = orchestration\ms-certification-api-deployment.yaml
		orchestration\ms-certification-api-service.yaml = orchestration\ms-certification-api-service.yaml
		orchestration\ms-course-api-deployment.yaml = orchestration\ms-course-api-deployment.yaml
		orchestration\ms-course-api-service.yaml = orchestration\ms-course-api-service.yaml
		orchestration\ms-quiz-api-deployment.yaml = orchestration\ms-quiz-api-deployment.yaml
		orchestration\ms-quiz-api-service.yaml = orchestration\ms-quiz-api-service.yaml
		orchestration\spotlights-portal-app-deployment.yaml = orchestration\spotlights-portal-app-deployment.yaml
		orchestration\spotlights-portal-app-service.yaml = orchestration\spotlights-portal-app-service.yaml
		orchestration\spotlights-routing-gateway-deployment.yaml = orchestration\spotlights-routing-gateway-deployment.yaml
		orchestration\spotlights-routing-gateway-service.yaml = orchestration\spotlights-routing-gateway-service.yaml
	EndProjectSection
EndProject
Global
	GlobalSection(SolutionConfigurationPlatforms) = preSolution
		Debug|Any CPU = Debug|Any CPU
		Debug|x64 = Debug|x64
		Debug|x86 = Debug|x86
		Release|Any CPU = Release|Any CPU
		Release|x64 = Release|x64
		Release|x86 = Release|x86
	EndGlobalSection
	GlobalSection(ProjectConfigurationPlatforms) = postSolution
		{30113938-1040-459A-A0B6-3663E9534C8B}.Debug|Any CPU.ActiveCfg = Debug|Any CPU
		{30113938-1040-459A-A0B6-3663E9534C8B}.Debug|Any CPU.Build.0 = Debug|Any CPU
		{30113938-1040-459A-A0B6-3663E9534C8B}.Debug|x64.ActiveCfg = Debug|Any CPU
		{30113938-1040-459A-A0B6-3663E9534C8B}.Debug|x64.Build.0 = Debug|Any CPU
		{30113938-1040-459A-A0B6-3663E9534C8B}.Debug|x86.ActiveCfg = Debug|Any CPU
		{30113938-1040-459A-A0B6-3663E9534C8B}.Debug|x86.Build.0 = Debug|Any CPU
		{30113938-1040-459A-A0B6-3663E9534C8B}.Release|Any CPU.ActiveCfg = Release|Any CPU
		{30113938-1040-459A-A0B6-3663E9534C8B}.Release|Any CPU.Build.0 = Release|Any CPU
		{30113938-1040-459A-A0B6-3663E9534C8B}.Release|x64.ActiveCfg = Release|Any CPU
		{30113938-1040-459A-A0B6-3663E9534C8B}.Release|x64.Build.0 = Release|Any CPU
		{30113938-1040-459A-A0B6-3663E9534C8B}.Release|x86.ActiveCfg = Release|Any CPU
		{30113938-1040-459A-A0B6-3663E9534C8B}.Release|x86.Build.0 = Release|Any CPU
		{ABD5820B-6A81-42C3-89C7-B324329345C8}.Debug|Any CPU.ActiveCfg = Debug|Any CPU
		{ABD5820B-6A81-42C3-89C7-B324329345C8}.Debug|Any CPU.Build.0 = Debug|Any CPU
		{ABD5820B-6A81-42C3-89C7-B324329345C8}.Debug|x64.ActiveCfg = Debug|Any CPU
		{ABD5820B-6A81-42C3-89C7-B324329345C8}.Debug|x64.Build.0 = Debug|Any CPU
		{ABD5820B-6A81-42C3-89C7-B324329345C8}.Debug|x86.ActiveCfg = Debug|Any CPU
		{ABD5820B-6A81-42C3-89C7-B324329345C8}.Debug|x86.Build.0 = Debug|Any CPU
		{ABD5820B-6A81-42C3-89C7-B324329345C8}.Release|Any CPU.ActiveCfg = Release|Any CPU
		{ABD5820B-6A81-42C3-89C7-B324329345C8}.Release|Any CPU.Build.0 = Release|Any CPU
		{ABD5820B-6A81-42C3-89C7-B324329345C8}.Release|x64.ActiveCfg = Release|Any CPU
		{ABD5820B-6A81-42C3-89C7-B324329345C8}.Release|x64.Build.0 = Release|Any CPU
		{ABD5820B-6A81-42C3-89C7-B324329345C8}.Release|x86.ActiveCfg = Release|Any CPU
		{ABD5820B-6A81-42C3-89C7-B324329345C8}.Release|x86.Build.0 = Release|Any CPU
		{A0173B1A-FDC9-4E48-94E1-21D6C0B19257}.Debug|Any CPU.ActiveCfg = Debug|Any CPU
		{A0173B1A-FDC9-4E48-94E1-21D6C0B19257}.Debug|Any CPU.Build.0 = Debug|Any CPU
		{A0173B1A-FDC9-4E48-94E1-21D6C0B19257}.Debug|x64.ActiveCfg = Debug|Any CPU
		{A0173B1A-FDC9-4E48-94E1-21D6C0B19257}.Debug|x64.Build.0 = Debug|Any CPU
		{A0173B1A-FDC9-4E48-94E1-21D6C0B19257}.Debug|x86.ActiveCfg = Debug|Any CPU
		{A0173B1A-FDC9-4E48-94E1-21D6C0B19257}.Debug|x86.Build.0 = Debug|Any CPU
		{A0173B1A-FDC9-4E48-94E1-21D6C0B19257}.Release|Any CPU.ActiveCfg = Release|Any CPU
		{A0173B1A-FDC9-4E48-94E1-21D6C0B19257}.Release|Any CPU.Build.0 = Release|Any CPU
		{A0173B1A-FDC9-4E48-94E1-21D6C0B19257}.Release|x64.ActiveCfg = Release|Any CPU
		{A0173B1A-FDC9-4E48-94E1-21D6C0B19257}.Release|x64.Build.0 = Release|Any CPU
		{A0173B1A-FDC9-4E48-94E1-21D6C0B19257}.Release|x86.ActiveCfg = Release|Any CPU
		{A0173B1A-FDC9-4E48-94E1-21D6C0B19257}.Release|x86.Build.0 = Release|Any CPU
		{7784DF02-6BCF-40A9-B327-C1F173975714}.Debug|Any CPU.ActiveCfg = Debug|Any CPU
		{7784DF02-6BCF-40A9-B327-C1F173975714}.Debug|Any CPU.Build.0 = Debug|Any CPU
		{7784DF02-6BCF-40A9-B327-C1F173975714}.Debug|x64.ActiveCfg = Debug|Any CPU
		{7784DF02-6BCF-40A9-B327-C1F173975714}.Debug|x64.Build.0 = Debug|Any CPU
		{7784DF02-6BCF-40A9-B327-C1F173975714}.Debug|x86.ActiveCfg = Debug|Any CPU
		{7784DF02-6BCF-40A9-B327-C1F173975714}.Debug|x86.Build.0 = Debug|Any CPU
		{7784DF02-6BCF-40A9-B327-C1F173975714}.Release|Any CPU.ActiveCfg = Release|Any CPU
		{7784DF02-6BCF-40A9-B327-C1F173975714}.Release|Any CPU.Build.0 = Release|Any CPU
		{7784DF02-6BCF-40A9-B327-C1F173975714}.Release|x64.ActiveCfg = Release|Any CPU
		{7784DF02-6BCF-40A9-B327-C1F173975714}.Release|x64.Build.0 = Release|Any CPU
		{7784DF02-6BCF-40A9-B327-C1F173975714}.Release|x86.ActiveCfg = Release|Any CPU
		{7784DF02-6BCF-40A9-B327-C1F173975714}.Release|x86.Build.0 = Release|Any CPU
		{22CDDE93-8C55-4229-A15E-426BEA28D8AC}.Debug|Any CPU.ActiveCfg = Debug|Any CPU
		{22CDDE93-8C55-4229-A15E-426BEA28D8AC}.Debug|Any CPU.Build.0 = Debug|Any CPU
		{22CDDE93-8C55-4229-A15E-426BEA28D8AC}.Debug|x64.ActiveCfg = Debug|Any CPU
		{22CDDE93-8C55-4229-A15E-426BEA28D8AC}.Debug|x64.Build.0 = Debug|Any CPU
		{22CDDE93-8C55-4229-A15E-426BEA28D8AC}.Debug|x86.ActiveCfg = Debug|Any CPU
		{22CDDE93-8C55-4229-A15E-426BEA28D8AC}.Debug|x86.Build.0 = Debug|Any CPU
		{22CDDE93-8C55-4229-A15E-426BEA28D8AC}.Release|Any CPU.ActiveCfg = Release|Any CPU
		{22CDDE93-8C55-4229-A15E-426BEA28D8AC}.Release|Any CPU.Build.0 = Release|Any CPU
		{22CDDE93-8C55-4229-A15E-426BEA28D8AC}.Release|x64.ActiveCfg = Release|Any CPU
		{22CDDE93-8C55-4229-A15E-426BEA28D8AC}.Release|x64.Build.0 = Release|Any CPU
		{22CDDE93-8C55-4229-A15E-426BEA28D8AC}.Release|x86.ActiveCfg = Release|Any CPU
		{22CDDE93-8C55-4229-A15E-426BEA28D8AC}.Release|x86.Build.0 = Release|Any CPU
		{EA9B0B03-128B-4932-8903-633B236A6151}.Debug|Any CPU.ActiveCfg = Debug|Any CPU
		{EA9B0B03-128B-4932-8903-633B236A6151}.Debug|Any CPU.Build.0 = Debug|Any CPU
		{EA9B0B03-128B-4932-8903-633B236A6151}.Debug|x64.ActiveCfg = Debug|Any CPU
		{EA9B0B03-128B-4932-8903-633B236A6151}.Debug|x64.Build.0 = Debug|Any CPU
		{EA9B0B03-128B-4932-8903-633B236A6151}.Debug|x86.ActiveCfg = Debug|Any CPU
		{EA9B0B03-128B-4932-8903-633B236A6151}.Debug|x86.Build.0 = Debug|Any CPU
		{EA9B0B03-128B-4932-8903-633B236A6151}.Release|Any CPU.ActiveCfg = Release|Any CPU
		{EA9B0B03-128B-4932-8903-633B236A6151}.Release|Any CPU.Build.0 = Release|Any CPU
		{EA9B0B03-128B-4932-8903-633B236A6151}.Release|x64.ActiveCfg = Release|Any CPU
		{EA9B0B03-128B-4932-8903-633B236A6151}.Release|x64.Build.0 = Release|Any CPU
		{EA9B0B03-128B-4932-8903-633B236A6151}.Release|x86.ActiveCfg = Release|Any CPU
		{EA9B0B03-128B-4932-8903-633B236A6151}.Release|x86.Build.0 = Release|Any CPU
		{F44E6542-4A15-4D30-A16A-D4717BB78990}.Debug|Any CPU.ActiveCfg = Debug|Any CPU
		{F44E6542-4A15-4D30-A16A-D4717BB78990}.Debug|Any CPU.Build.0 = Debug|Any CPU
		{F44E6542-4A15-4D30-A16A-D4717BB78990}.Debug|x64.ActiveCfg = Debug|Any CPU
		{F44E6542-4A15-4D30-A16A-D4717BB78990}.Debug|x64.Build.0 = Debug|Any CPU
		{F44E6542-4A15-4D30-A16A-D4717BB78990}.Debug|x86.ActiveCfg = Debug|Any CPU
		{F44E6542-4A15-4D30-A16A-D4717BB78990}.Debug|x86.Build.0 = Debug|Any CPU
		{F44E6542-4A15-4D30-A16A-D4717BB78990}.Release|Any CPU.ActiveCfg = Release|Any CPU
		{F44E6542-4A15-4D30-A16A-D4717BB78990}.Release|Any CPU.Build.0 = Release|Any CPU
		{F44E6542-4A15-4D30-A16A-D4717BB78990}.Release|x64.ActiveCfg = Release|Any CPU
		{F44E6542-4A15-4D30-A16A-D4717BB78990}.Release|x64.Build.0 = Release|Any CPU
		{F44E6542-4A15-4D30-A16A-D4717BB78990}.Release|x86.ActiveCfg = Release|Any CPU
		{F44E6542-4A15-4D30-A16A-D4717BB78990}.Release|x86.Build.0 = Release|Any CPU
		{B4240118-6722-4544-BBB5-8CEBB3D23959}.Debug|Any CPU.ActiveCfg = Debug|Any CPU
		{B4240118-6722-4544-BBB5-8CEBB3D23959}.Debug|Any CPU.Build.0 = Debug|Any CPU
		{B4240118-6722-4544-BBB5-8CEBB3D23959}.Debug|x64.ActiveCfg = Debug|Any CPU
		{B4240118-6722-4544-BBB5-8CEBB3D23959}.Debug|x64.Build.0 = Debug|Any CPU
		{B4240118-6722-4544-BBB5-8CEBB3D23959}.Debug|x86.ActiveCfg = Debug|Any CPU
		{B4240118-6722-4544-BBB5-8CEBB3D23959}.Debug|x86.Build.0 = Debug|Any CPU
		{B4240118-6722-4544-BBB5-8CEBB3D23959}.Release|Any CPU.ActiveCfg = Release|Any CPU
		{B4240118-6722-4544-BBB5-8CEBB3D23959}.Release|Any CPU.Build.0 = Release|Any CPU
		{B4240118-6722-4544-BBB5-8CEBB3D23959}.Release|x64.ActiveCfg = Release|Any CPU
		{B4240118-6722-4544-BBB5-8CEBB3D23959}.Release|x64.Build.0 = Release|Any CPU
		{B4240118-6722-4544-BBB5-8CEBB3D23959}.Release|x86.ActiveCfg = Release|Any CPU
		{B4240118-6722-4544-BBB5-8CEBB3D23959}.Release|x86.Build.0 = Release|Any CPU
		{9E7B5E96-F3F1-497E-8829-538935DE9C5D}.Debug|Any CPU.ActiveCfg = Debug|Any CPU
		{9E7B5E96-F3F1-497E-8829-538935DE9C5D}.Debug|Any CPU.Build.0 = Debug|Any CPU
		{9E7B5E96-F3F1-497E-8829-538935DE9C5D}.Debug|x64.ActiveCfg = Debug|Any CPU
		{9E7B5E96-F3F1-497E-8829-538935DE9C5D}.Debug|x64.Build.0 = Debug|Any CPU
		{9E7B5E96-F3F1-497E-8829-538935DE9C5D}.Debug|x86.ActiveCfg = Debug|Any CPU
		{9E7B5E96-F3F1-497E-8829-538935DE9C5D}.Debug|x86.Build.0 = Debug|Any CPU
		{9E7B5E96-F3F1-497E-8829-538935DE9C5D}.Release|Any CPU.ActiveCfg = Release|Any CPU
		{9E7B5E96-F3F1-497E-8829-538935DE9C5D}.Release|Any CPU.Build.0 = Release|Any CPU
		{9E7B5E96-F3F1-497E-8829-538935DE9C5D}.Release|x64.ActiveCfg = Release|Any CPU
		{9E7B5E96-F3F1-497E-8829-538935DE9C5D}.Release|x64.Build.0 = Release|Any CPU
		{9E7B5E96-F3F1-497E-8829-538935DE9C5D}.Release|x86.ActiveCfg = Release|Any CPU
		{9E7B5E96-F3F1-497E-8829-538935DE9C5D}.Release|x86.Build.0 = Release|Any CPU
		{F5431729-914B-4B5B-ACE6-AA9B14E98EA5}.Debug|Any CPU.ActiveCfg = Debug|Any CPU
		{F5431729-914B-4B5B-ACE6-AA9B14E98EA5}.Debug|Any CPU.Build.0 = Debug|Any CPU
		{F5431729-914B-4B5B-ACE6-AA9B14E98EA5}.Debug|x64.ActiveCfg = Debug|Any CPU
		{F5431729-914B-4B5B-ACE6-AA9B14E98EA5}.Debug|x64.Build.0 = Debug|Any CPU
		{F5431729-914B-4B5B-ACE6-AA9B14E98EA5}.Debug|x86.ActiveCfg = Debug|Any CPU
		{F5431729-914B-4B5B-ACE6-AA9B14E98EA5}.Debug|x86.Build.0 = Debug|Any CPU
		{F5431729-914B-4B5B-ACE6-AA9B14E98EA5}.Release|Any CPU.ActiveCfg = Release|Any CPU
		{F5431729-914B-4B5B-ACE6-AA9B14E98EA5}.Release|Any CPU.Build.0 = Release|Any CPU
		{F5431729-914B-4B5B-ACE6-AA9B14E98EA5}.Release|x64.ActiveCfg = Release|Any CPU
		{F5431729-914B-4B5B-ACE6-AA9B14E98EA5}.Release|x64.Build.0 = Release|Any CPU
		{F5431729-914B-4B5B-ACE6-AA9B14E98EA5}.Release|x86.ActiveCfg = Release|Any CPU
		{F5431729-914B-4B5B-ACE6-AA9B14E98EA5}.Release|x86.Build.0 = Release|Any CPU
		{0742E998-B6BB-4963-9CF9-47C4D16AFDD2}.Debug|Any CPU.ActiveCfg = Debug|Any CPU
		{0742E998-B6BB-4963-9CF9-47C4D16AFDD2}.Debug|Any CPU.Build.0 = Debug|Any CPU
		{0742E998-B6BB-4963-9CF9-47C4D16AFDD2}.Debug|x64.ActiveCfg = Debug|Any CPU
		{0742E998-B6BB-4963-9CF9-47C4D16AFDD2}.Debug|x64.Build.0 = Debug|Any CPU
		{0742E998-B6BB-4963-9CF9-47C4D16AFDD2}.Debug|x86.ActiveCfg = Debug|Any CPU
		{0742E998-B6BB-4963-9CF9-47C4D16AFDD2}.Debug|x86.Build.0 = Debug|Any CPU
		{0742E998-B6BB-4963-9CF9-47C4D16AFDD2}.Release|Any CPU.ActiveCfg = Release|Any CPU
		{0742E998-B6BB-4963-9CF9-47C4D16AFDD2}.Release|Any CPU.Build.0 = Release|Any CPU
		{0742E998-B6BB-4963-9CF9-47C4D16AFDD2}.Release|x64.ActiveCfg = Release|Any CPU
		{0742E998-B6BB-4963-9CF9-47C4D16AFDD2}.Release|x64.Build.0 = Release|Any CPU
		{0742E998-B6BB-4963-9CF9-47C4D16AFDD2}.Release|x86.ActiveCfg = Release|Any CPU
		{0742E998-B6BB-4963-9CF9-47C4D16AFDD2}.Release|x86.Build.0 = Release|Any CPU
		{856BD955-5D13-47D3-AEB9-D4EB2CAA4E3D}.Debug|Any CPU.ActiveCfg = Debug|Any CPU
		{856BD955-5D13-47D3-AEB9-D4EB2CAA4E3D}.Debug|Any CPU.Build.0 = Debug|Any CPU
		{856BD955-5D13-47D3-AEB9-D4EB2CAA4E3D}.Debug|x64.ActiveCfg = Debug|Any CPU
		{856BD955-5D13-47D3-AEB9-D4EB2CAA4E3D}.Debug|x64.Build.0 = Debug|Any CPU
		{856BD955-5D13-47D3-AEB9-D4EB2CAA4E3D}.Debug|x86.ActiveCfg = Debug|Any CPU
		{856BD955-5D13-47D3-AEB9-D4EB2CAA4E3D}.Debug|x86.Build.0 = Debug|Any CPU
		{856BD955-5D13-47D3-AEB9-D4EB2CAA4E3D}.Release|Any CPU.ActiveCfg = Release|Any CPU
		{856BD955-5D13-47D3-AEB9-D4EB2CAA4E3D}.Release|Any CPU.Build.0 = Release|Any CPU
		{856BD955-5D13-47D3-AEB9-D4EB2CAA4E3D}.Release|x64.ActiveCfg = Release|Any CPU
		{856BD955-5D13-47D3-AEB9-D4EB2CAA4E3D}.Release|x64.Build.0 = Release|Any CPU
		{856BD955-5D13-47D3-AEB9-D4EB2CAA4E3D}.Release|x86.ActiveCfg = Release|Any CPU
		{856BD955-5D13-47D3-AEB9-D4EB2CAA4E3D}.Release|x86.Build.0 = Release|Any CPU
		{7E5A870F-3D9C-4A41-8498-6212946C2AA3}.Debug|Any CPU.ActiveCfg = Debug|Any CPU
		{7E5A870F-3D9C-4A41-8498-6212946C2AA3}.Debug|Any CPU.Build.0 = Debug|Any CPU
		{7E5A870F-3D9C-4A41-8498-6212946C2AA3}.Debug|x64.ActiveCfg = Debug|Any CPU
		{7E5A870F-3D9C-4A41-8498-6212946C2AA3}.Debug|x64.Build.0 = Debug|Any CPU
		{7E5A870F-3D9C-4A41-8498-6212946C2AA3}.Debug|x86.ActiveCfg = Debug|Any CPU
		{7E5A870F-3D9C-4A41-8498-6212946C2AA3}.Debug|x86.Build.0 = Debug|Any CPU
		{7E5A870F-3D9C-4A41-8498-6212946C2AA3}.Release|Any CPU.ActiveCfg = Release|Any CPU
		{7E5A870F-3D9C-4A41-8498-6212946C2AA3}.Release|Any CPU.Build.0 = Release|Any CPU
		{7E5A870F-3D9C-4A41-8498-6212946C2AA3}.Release|x64.ActiveCfg = Release|Any CPU
		{7E5A870F-3D9C-4A41-8498-6212946C2AA3}.Release|x64.Build.0 = Release|Any CPU
		{7E5A870F-3D9C-4A41-8498-6212946C2AA3}.Release|x86.ActiveCfg = Release|Any CPU
		{7E5A870F-3D9C-4A41-8498-6212946C2AA3}.Release|x86.Build.0 = Release|Any CPU
		{914F1BC6-A89B-4D80-AEC0-DC852A830C92}.Debug|Any CPU.ActiveCfg = Debug|Any CPU
		{914F1BC6-A89B-4D80-AEC0-DC852A830C92}.Debug|Any CPU.Build.0 = Debug|Any CPU
		{914F1BC6-A89B-4D80-AEC0-DC852A830C92}.Debug|x64.ActiveCfg = Debug|Any CPU
		{914F1BC6-A89B-4D80-AEC0-DC852A830C92}.Debug|x64.Build.0 = Debug|Any CPU
		{914F1BC6-A89B-4D80-AEC0-DC852A830C92}.Debug|x86.ActiveCfg = Debug|Any CPU
		{914F1BC6-A89B-4D80-AEC0-DC852A830C92}.Debug|x86.Build.0 = Debug|Any CPU
		{914F1BC6-A89B-4D80-AEC0-DC852A830C92}.Release|Any CPU.ActiveCfg = Release|Any CPU
		{914F1BC6-A89B-4D80-AEC0-DC852A830C92}.Release|Any CPU.Build.0 = Release|Any CPU
		{914F1BC6-A89B-4D80-AEC0-DC852A830C92}.Release|x64.ActiveCfg = Release|Any CPU
		{914F1BC6-A89B-4D80-AEC0-DC852A830C92}.Release|x64.Build.0 = Release|Any CPU
		{914F1BC6-A89B-4D80-AEC0-DC852A830C92}.Release|x86.ActiveCfg = Release|Any CPU
		{914F1BC6-A89B-4D80-AEC0-DC852A830C92}.Release|x86.Build.0 = Release|Any CPU
		{8A7F54B4-30E2-4DE6-BD4D-1F71CF5D71C4}.Debug|Any CPU.ActiveCfg = Debug|Any CPU
		{8A7F54B4-30E2-4DE6-BD4D-1F71CF5D71C4}.Debug|Any CPU.Build.0 = Debug|Any CPU
		{8A7F54B4-30E2-4DE6-BD4D-1F71CF5D71C4}.Debug|x64.ActiveCfg = Debug|Any CPU
		{8A7F54B4-30E2-4DE6-BD4D-1F71CF5D71C4}.Debug|x64.Build.0 = Debug|Any CPU
		{8A7F54B4-30E2-4DE6-BD4D-1F71CF5D71C4}.Debug|x86.ActiveCfg = Debug|Any CPU
		{8A7F54B4-30E2-4DE6-BD4D-1F71CF5D71C4}.Debug|x86.Build.0 = Debug|Any CPU
		{8A7F54B4-30E2-4DE6-BD4D-1F71CF5D71C4}.Release|Any CPU.ActiveCfg = Release|Any CPU
		{8A7F54B4-30E2-4DE6-BD4D-1F71CF5D71C4}.Release|Any CPU.Build.0 = Release|Any CPU
		{8A7F54B4-30E2-4DE6-BD4D-1F71CF5D71C4}.Release|x64.ActiveCfg = Release|Any CPU
		{8A7F54B4-30E2-4DE6-BD4D-1F71CF5D71C4}.Release|x64.Build.0 = Release|Any CPU
		{8A7F54B4-30E2-4DE6-BD4D-1F71CF5D71C4}.Release|x86.ActiveCfg = Release|Any CPU
		{8A7F54B4-30E2-4DE6-BD4D-1F71CF5D71C4}.Release|x86.Build.0 = Release|Any CPU
		{34EDDE65-4C6B-438B-A329-74C577EBAB2B}.Debug|Any CPU.ActiveCfg = Debug|Any CPU
		{34EDDE65-4C6B-438B-A329-74C577EBAB2B}.Debug|Any CPU.Build.0 = Debug|Any CPU
		{34EDDE65-4C6B-438B-A329-74C577EBAB2B}.Debug|x64.ActiveCfg = Debug|Any CPU
		{34EDDE65-4C6B-438B-A329-74C577EBAB2B}.Debug|x64.Build.0 = Debug|Any CPU
		{34EDDE65-4C6B-438B-A329-74C577EBAB2B}.Debug|x86.ActiveCfg = Debug|Any CPU
		{34EDDE65-4C6B-438B-A329-74C577EBAB2B}.Debug|x86.Build.0 = Debug|Any CPU
		{34EDDE65-4C6B-438B-A329-74C577EBAB2B}.Release|Any CPU.ActiveCfg = Release|Any CPU
		{34EDDE65-4C6B-438B-A329-74C577EBAB2B}.Release|Any CPU.Build.0 = Release|Any CPU
		{34EDDE65-4C6B-438B-A329-74C577EBAB2B}.Release|x64.ActiveCfg = Release|Any CPU
		{34EDDE65-4C6B-438B-A329-74C577EBAB2B}.Release|x64.Build.0 = Release|Any CPU
		{34EDDE65-4C6B-438B-A329-74C577EBAB2B}.Release|x86.ActiveCfg = Release|Any CPU
		{34EDDE65-4C6B-438B-A329-74C577EBAB2B}.Release|x86.Build.0 = Release|Any CPU
		{802EB188-1FE1-41FD-9B2D-BE91927AC242}.Debug|Any CPU.ActiveCfg = Debug|Any CPU
		{802EB188-1FE1-41FD-9B2D-BE91927AC242}.Debug|Any CPU.Build.0 = Debug|Any CPU
		{802EB188-1FE1-41FD-9B2D-BE91927AC242}.Debug|x64.ActiveCfg = Debug|Any CPU
		{802EB188-1FE1-41FD-9B2D-BE91927AC242}.Debug|x64.Build.0 = Debug|Any CPU
		{802EB188-1FE1-41FD-9B2D-BE91927AC242}.Debug|x86.ActiveCfg = Debug|Any CPU
		{802EB188-1FE1-41FD-9B2D-BE91927AC242}.Debug|x86.Build.0 = Debug|Any CPU
		{802EB188-1FE1-41FD-9B2D-BE91927AC242}.Release|Any CPU.ActiveCfg = Release|Any CPU
		{802EB188-1FE1-41FD-9B2D-BE91927AC242}.Release|Any CPU.Build.0 = Release|Any CPU
		{802EB188-1FE1-41FD-9B2D-BE91927AC242}.Release|x64.ActiveCfg = Release|Any CPU
		{802EB188-1FE1-41FD-9B2D-BE91927AC242}.Release|x64.Build.0 = Release|Any CPU
		{802EB188-1FE1-41FD-9B2D-BE91927AC242}.Release|x86.ActiveCfg = Release|Any CPU
		{802EB188-1FE1-41FD-9B2D-BE91927AC242}.Release|x86.Build.0 = Release|Any CPU
		{5696C9D2-53B5-4048-A7B4-D4887C1D2EAE}.Debug|Any CPU.ActiveCfg = Debug|Any CPU
		{5696C9D2-53B5-4048-A7B4-D4887C1D2EAE}.Debug|Any CPU.Build.0 = Debug|Any CPU
		{5696C9D2-53B5-4048-A7B4-D4887C1D2EAE}.Debug|x64.ActiveCfg = Debug|Any CPU
		{5696C9D2-53B5-4048-A7B4-D4887C1D2EAE}.Debug|x64.Build.0 = Debug|Any CPU
		{5696C9D2-53B5-4048-A7B4-D4887C1D2EAE}.Debug|x86.ActiveCfg = Debug|Any CPU
		{5696C9D2-53B5-4048-A7B4-D4887C1D2EAE}.Debug|x86.Build.0 = Debug|Any CPU
		{5696C9D2-53B5-4048-A7B4-D4887C1D2EAE}.Release|Any CPU.ActiveCfg = Release|Any CPU
		{5696C9D2-53B5-4048-A7B4-D4887C1D2EAE}.Release|Any CPU.Build.0 = Release|Any CPU
		{5696C9D2-53B5-4048-A7B4-D4887C1D2EAE}.Release|x64.ActiveCfg = Release|Any CPU
		{5696C9D2-53B5-4048-A7B4-D4887C1D2EAE}.Release|x64.Build.0 = Release|Any CPU
		{5696C9D2-53B5-4048-A7B4-D4887C1D2EAE}.Release|x86.ActiveCfg = Release|Any CPU
		{5696C9D2-53B5-4048-A7B4-D4887C1D2EAE}.Release|x86.Build.0 = Release|Any CPU
		{7A1576F8-221A-4735-8B87-B4F12C9F08ED}.Debug|Any CPU.ActiveCfg = Debug|Any CPU
		{7A1576F8-221A-4735-8B87-B4F12C9F08ED}.Debug|Any CPU.Build.0 = Debug|Any CPU
		{7A1576F8-221A-4735-8B87-B4F12C9F08ED}.Debug|x64.ActiveCfg = Debug|Any CPU
		{7A1576F8-221A-4735-8B87-B4F12C9F08ED}.Debug|x64.Build.0 = Debug|Any CPU
		{7A1576F8-221A-4735-8B87-B4F12C9F08ED}.Debug|x86.ActiveCfg = Debug|Any CPU
		{7A1576F8-221A-4735-8B87-B4F12C9F08ED}.Debug|x86.Build.0 = Debug|Any CPU
		{7A1576F8-221A-4735-8B87-B4F12C9F08ED}.Release|Any CPU.ActiveCfg = Release|Any CPU
		{7A1576F8-221A-4735-8B87-B4F12C9F08ED}.Release|Any CPU.Build.0 = Release|Any CPU
		{7A1576F8-221A-4735-8B87-B4F12C9F08ED}.Release|x64.ActiveCfg = Release|Any CPU
		{7A1576F8-221A-4735-8B87-B4F12C9F08ED}.Release|x64.Build.0 = Release|Any CPU
		{7A1576F8-221A-4735-8B87-B4F12C9F08ED}.Release|x86.ActiveCfg = Release|Any CPU
		{7A1576F8-221A-4735-8B87-B4F12C9F08ED}.Release|x86.Build.0 = Release|Any CPU
		{C140EA54-096D-470E-B29C-DA3B00C6E0EB}.Debug|Any CPU.ActiveCfg = Debug|Any CPU
		{C140EA54-096D-470E-B29C-DA3B00C6E0EB}.Debug|Any CPU.Build.0 = Debug|Any CPU
		{C140EA54-096D-470E-B29C-DA3B00C6E0EB}.Debug|x64.ActiveCfg = Debug|Any CPU
		{C140EA54-096D-470E-B29C-DA3B00C6E0EB}.Debug|x64.Build.0 = Debug|Any CPU
		{C140EA54-096D-470E-B29C-DA3B00C6E0EB}.Debug|x86.ActiveCfg = Debug|Any CPU
		{C140EA54-096D-470E-B29C-DA3B00C6E0EB}.Debug|x86.Build.0 = Debug|Any CPU
		{C140EA54-096D-470E-B29C-DA3B00C6E0EB}.Release|Any CPU.ActiveCfg = Release|Any CPU
		{C140EA54-096D-470E-B29C-DA3B00C6E0EB}.Release|Any CPU.Build.0 = Release|Any CPU
		{C140EA54-096D-470E-B29C-DA3B00C6E0EB}.Release|x64.ActiveCfg = Release|Any CPU
		{C140EA54-096D-470E-B29C-DA3B00C6E0EB}.Release|x64.Build.0 = Release|Any CPU
		{C140EA54-096D-470E-B29C-DA3B00C6E0EB}.Release|x86.ActiveCfg = Release|Any CPU
		{C140EA54-096D-470E-B29C-DA3B00C6E0EB}.Release|x86.Build.0 = Release|Any CPU
		{4971D230-B2F3-4059-8909-0ABD5003BF47}.Debug|Any CPU.ActiveCfg = Debug|Any CPU
		{4971D230-B2F3-4059-8909-0ABD5003BF47}.Debug|Any CPU.Build.0 = Debug|Any CPU
		{4971D230-B2F3-4059-8909-0ABD5003BF47}.Debug|x64.ActiveCfg = Debug|Any CPU
		{4971D230-B2F3-4059-8909-0ABD5003BF47}.Debug|x64.Build.0 = Debug|Any CPU
		{4971D230-B2F3-4059-8909-0ABD5003BF47}.Debug|x86.ActiveCfg = Debug|Any CPU
		{4971D230-B2F3-4059-8909-0ABD5003BF47}.Debug|x86.Build.0 = Debug|Any CPU
		{4971D230-B2F3-4059-8909-0ABD5003BF47}.Release|Any CPU.ActiveCfg = Release|Any CPU
		{4971D230-B2F3-4059-8909-0ABD5003BF47}.Release|Any CPU.Build.0 = Release|Any CPU
		{4971D230-B2F3-4059-8909-0ABD5003BF47}.Release|x64.ActiveCfg = Release|Any CPU
		{4971D230-B2F3-4059-8909-0ABD5003BF47}.Release|x64.Build.0 = Release|Any CPU
		{4971D230-B2F3-4059-8909-0ABD5003BF47}.Release|x86.ActiveCfg = Release|Any CPU
		{4971D230-B2F3-4059-8909-0ABD5003BF47}.Release|x86.Build.0 = Release|Any CPU
		{6176D7A8-6968-4DF1-9956-0874C368DD70}.Debug|Any CPU.ActiveCfg = Debug|Any CPU
		{6176D7A8-6968-4DF1-9956-0874C368DD70}.Debug|Any CPU.Build.0 = Debug|Any CPU
		{6176D7A8-6968-4DF1-9956-0874C368DD70}.Debug|x64.ActiveCfg = Debug|Any CPU
		{6176D7A8-6968-4DF1-9956-0874C368DD70}.Debug|x64.Build.0 = Debug|Any CPU
		{6176D7A8-6968-4DF1-9956-0874C368DD70}.Debug|x86.ActiveCfg = Debug|Any CPU
		{6176D7A8-6968-4DF1-9956-0874C368DD70}.Debug|x86.Build.0 = Debug|Any CPU
		{6176D7A8-6968-4DF1-9956-0874C368DD70}.Release|Any CPU.ActiveCfg = Release|Any CPU
		{6176D7A8-6968-4DF1-9956-0874C368DD70}.Release|Any CPU.Build.0 = Release|Any CPU
		{6176D7A8-6968-4DF1-9956-0874C368DD70}.Release|x64.ActiveCfg = Release|Any CPU
		{6176D7A8-6968-4DF1-9956-0874C368DD70}.Release|x64.Build.0 = Release|Any CPU
		{6176D7A8-6968-4DF1-9956-0874C368DD70}.Release|x86.ActiveCfg = Release|Any CPU
		{6176D7A8-6968-4DF1-9956-0874C368DD70}.Release|x86.Build.0 = Release|Any CPU
	EndGlobalSection
	GlobalSection(SolutionProperties) = preSolution
		HideSolutionNode = FALSE
	EndGlobalSection
	GlobalSection(NestedProjects) = preSolution
		{30113938-1040-459A-A0B6-3663E9534C8B} = {B0B38A23-4F05-4F2D-A121-0BBACBE590DE}
		{ABD5820B-6A81-42C3-89C7-B324329345C8} = {B0B38A23-4F05-4F2D-A121-0BBACBE590DE}
		{A0173B1A-FDC9-4E48-94E1-21D6C0B19257} = {B0B38A23-4F05-4F2D-A121-0BBACBE590DE}
		{7784DF02-6BCF-40A9-B327-C1F173975714} = {B0B38A23-4F05-4F2D-A121-0BBACBE590DE}
		{22CDDE93-8C55-4229-A15E-426BEA28D8AC} = {B0B38A23-4F05-4F2D-A121-0BBACBE590DE}
		{EA9B0B03-128B-4932-8903-633B236A6151} = {B0B38A23-4F05-4F2D-A121-0BBACBE590DE}
		{F44E6542-4A15-4D30-A16A-D4717BB78990} = {B0B38A23-4F05-4F2D-A121-0BBACBE590DE}
		{B4240118-6722-4544-BBB5-8CEBB3D23959} = {B0B38A23-4F05-4F2D-A121-0BBACBE590DE}
		{B0B38A23-4F05-4F2D-A121-0BBACBE590DE} = {3985B122-94A3-44F3-8E41-25BD7E9E2FAF}
		{30577662-08D5-4858-9BE1-67113A6009B4} = {3985B122-94A3-44F3-8E41-25BD7E9E2FAF}
		{9E7B5E96-F3F1-497E-8829-538935DE9C5D} = {30577662-08D5-4858-9BE1-67113A6009B4}
		{F5431729-914B-4B5B-ACE6-AA9B14E98EA5} = {30577662-08D5-4858-9BE1-67113A6009B4}
		{0742E998-B6BB-4963-9CF9-47C4D16AFDD2} = {30577662-08D5-4858-9BE1-67113A6009B4}
		{856BD955-5D13-47D3-AEB9-D4EB2CAA4E3D} = {30577662-08D5-4858-9BE1-67113A6009B4}
		{7E5A870F-3D9C-4A41-8498-6212946C2AA3} = {D39F91F8-9219-4096-B8EC-4068385879BF}
		{29E5AD5F-5AB6-46CB-BA82-41975CD7C3A7} = {3985B122-94A3-44F3-8E41-25BD7E9E2FAF}
		{914F1BC6-A89B-4D80-AEC0-DC852A830C92} = {29E5AD5F-5AB6-46CB-BA82-41975CD7C3A7}
		{8A7F54B4-30E2-4DE6-BD4D-1F71CF5D71C4} = {29E5AD5F-5AB6-46CB-BA82-41975CD7C3A7}
		{34EDDE65-4C6B-438B-A329-74C577EBAB2B} = {29E5AD5F-5AB6-46CB-BA82-41975CD7C3A7}
		{802EB188-1FE1-41FD-9B2D-BE91927AC242} = {29E5AD5F-5AB6-46CB-BA82-41975CD7C3A7}
		{65D5500C-593D-403F-9D73-E334BE0576FE} = {3985B122-94A3-44F3-8E41-25BD7E9E2FAF}
		{5696C9D2-53B5-4048-A7B4-D4887C1D2EAE} = {65D5500C-593D-403F-9D73-E334BE0576FE}
		{7A1576F8-221A-4735-8B87-B4F12C9F08ED} = {65D5500C-593D-403F-9D73-E334BE0576FE}
		{C140EA54-096D-470E-B29C-DA3B00C6E0EB} = {65D5500C-593D-403F-9D73-E334BE0576FE}
		{4971D230-B2F3-4059-8909-0ABD5003BF47} = {65D5500C-593D-403F-9D73-E334BE0576FE}
		{6176D7A8-6968-4DF1-9956-0874C368DD70} = {FB503146-713C-4ED2-8A89-182A94A151C2}
	EndGlobalSection
	GlobalSection(ExtensibilityGlobals) = postSolution
		SolutionGuid = {8AA706E7-D820-4892-9F60-FCEEDC51FF5E}
	EndGlobalSection
EndGlobal
